
Microsoft Visual Studio Solution File, Format Version 12.00
# Visual Studio Version 16
VisualStudioVersion = 16.0.29609.76
MinimumVisualStudioVersion = 10.0.40219.1
Project("{FAE04EC0-301F-11D3-BF4B-00C04F79EFBC}") = "SearchTermPrompt.Website", "SearchTermPrompt.Website\SearchTermPrompt.Website.csproj", "{CBAE12E4-40A0-4C5B-B8AD-4DACFCAC8156}"
EndProject
Project("{FAE04EC0-301F-11D3-BF4B-00C04F79EFBC}") = "SearchTermPrompt.Models", "SearchTermPrompt.Models\SearchTermPrompt.Models.csproj", "{2AD1E48B-4AC7-4450-BD4B-5871EE0CCCE9}"
EndProject
Project("{FAE04EC0-301F-11D3-BF4B-00C04F79EFBC}") = "SearchTermPrompt.Services", "SearchTermPrompt.Services\SearchTermPrompt.Services.csproj", "{703A2091-A878-47F5-9BBA-F95743679280}"
EndProject
Global
	GlobalSection(SolutionConfigurationPlatforms) = preSolution
		Debug|Any CPU = Debug|Any CPU
		Release|Any CPU = Release|Any CPU
	EndGlobalSection
	GlobalSection(ProjectConfigurationPlatforms) = postSolution
		{CBAE12E4-40A0-4C5B-B8AD-4DACFCAC8156}.Debug|Any CPU.ActiveCfg = Debug|Any CPU
		{CBAE12E4-40A0-4C5B-B8AD-4DACFCAC8156}.Debug|Any CPU.Build.0 = Debug|Any CPU
		{CBAE12E4-40A0-4C5B-B8AD-4DACFCAC8156}.Release|Any CPU.ActiveCfg = Release|Any CPU
		{CBAE12E4-40A0-4C5B-B8AD-4DACFCAC8156}.Release|Any CPU.Build.0 = Release|Any CPU
		{2AD1E48B-4AC7-4450-BD4B-5871EE0CCCE9}.Debug|Any CPU.ActiveCfg = Debug|Any CPU
		{2AD1E48B-4AC7-4450-BD4B-5871EE0CCCE9}.Debug|Any CPU.Build.0 = Debug|Any CPU
		{2AD1E48B-4AC7-4450-BD4B-5871EE0CCCE9}.Release|Any CPU.ActiveCfg = Release|Any CPU
		{2AD1E48B-4AC7-4450-BD4B-5871EE0CCCE9}.Release|Any CPU.Build.0 = Release|Any CPU
		{703A2091-A878-47F5-9BBA-F95743679280}.Debug|Any CPU.ActiveCfg = Debug|Any CPU
		{703A2091-A878-47F5-9BBA-F95743679280}.Debug|Any CPU.Build.0 = Debug|Any CPU
		{703A2091-A878-47F5-9BBA-F95743679280}.Release|Any CPU.ActiveCfg = Release|Any CPU
		{703A2091-A878-47F5-9BBA-F95743679280}.Release|Any CPU.Build.0 = Release|Any CPU
	EndGlobalSection
	GlobalSection(SolutionProperties) = preSolution
		HideSolutionNode = FALSE
	EndGlobalSection
	GlobalSection(ExtensibilityGlobals) = postSolution
		SolutionGuid = {8E5EDDC8-B9CC-4AE3-9666-CD97F09F426D}
	EndGlobalSection
EndGlobal
